
Microsoft Visual Studio Solution File, Format Version 12.00
# Visual Studio 15
Project("{FAE04EC0-301F-11D3-BF4B-00C04F79EFBC}") = "Oculus.Platform", "Oculus.Platform.csproj", "{2D2683F9-523E-832B-FF16-423D37908457}"
EndProject
Project("{FAE04EC0-301F-11D3-BF4B-00C04F79EFBC}") = "Assembly-CSharp", "Assembly-CSharp.csproj", "{ED954475-684F-3A80-72FC-E863EA9EA43E}"
EndProject
Project("{FAE04EC0-301F-11D3-BF4B-00C04F79EFBC}") = "Meta.WitAi", "Meta.WitAi.csproj", "{104305A5-7131-8F6B-BAA3-13C6E909C4B7}"
EndProject
Project("{FAE04EC0-301F-11D3-BF4B-00C04F79EFBC}") = "Oculus.Interaction", "Oculus.Interaction.csproj", "{4F3EB568-CEEA-6489-19EC-78F40D9F1C2B}"
EndProject
Project("{FAE04EC0-301F-11D3-BF4B-00C04F79EFBC}") = "Oculus.VR", "Oculus.VR.csproj", "{78C428B4-6C3E-2FA9-D550-45D2449F26F2}"
EndProject
Project("{FAE04EC0-301F-11D3-BF4B-00C04F79EFBC}") = "VoiceSDK.Dictation.Runtime", "VoiceSDK.Dictation.Runtime.csproj", "{FF71A95D-D2A1-EF3C-4A48-2FC07AF79F13}"
EndProject
Project("{FAE04EC0-301F-11D3-BF4B-00C04F79EFBC}") = "Meta.WitAi.Lib", "Meta.WitAi.Lib.csproj", "{15A039B0-61FF-BC66-F7C4-EF183E52B725}"
EndProject
Project("{FAE04EC0-301F-11D3-BF4B-00C04F79EFBC}") = "VoiceSDK.Runtime", "VoiceSDK.Runtime.csproj", "{F3C2CBA2-9EDD-61DB-9A10-239279FEF0FB}"
EndProject
Project("{FAE04EC0-301F-11D3-BF4B-00C04F79EFBC}") = "Oculus.Interaction.OVR.Samples", "Oculus.Interaction.OVR.Samples.csproj", "{CBAB2A5D-D078-F7C7-2016-A1ABAB55DA8F}"
EndProject
Project("{FAE04EC0-301F-11D3-BF4B-00C04F79EFBC}") = "Meta.WitAi.TTS.Samples", "Meta.WitAi.TTS.Samples.csproj", "{9407D3EC-58F8-4AE2-CA78-640004233551}"
EndProject
Project("{FAE04EC0-301F-11D3-BF4B-00C04F79EFBC}") = "Oculus.Voice.Demo", "Oculus.Voice.Demo.csproj", "{D1098BFD-D1ED-854E-05C5-0605FAB8347D}"
EndProject
Project("{FAE04EC0-301F-11D3-BF4B-00C04F79EFBC}") = "Oculus.Interaction.OVR", "Oculus.Interaction.OVR.csproj", "{48119669-1269-8976-2F29-69F7CFF185AF}"
EndProject
Project("{FAE04EC0-301F-11D3-BF4B-00C04F79EFBC}") = "AssistantCoreSDKRuntime", "AssistantCoreSDKRuntime.csproj", "{4CAB9DAE-AB51-6207-2A20-F6490EB81928}"
EndProject
Project("{FAE04EC0-301F-11D3-BF4B-00C04F79EFBC}") = "Meta.WitAi.Conduit", "Meta.WitAi.Conduit.csproj", "{99468E32-4FCA-40DC-F8AD-8AD0C66020A9}"
EndProject
Project("{FAE04EC0-301F-11D3-BF4B-00C04F79EFBC}") = "Oculus.AudioManager", "Oculus.AudioManager.csproj", "{1F43C6BC-7B8C-9894-5A0F-2D2716247A82}"
EndProject
Project("{FAE04EC0-301F-11D3-BF4B-00C04F79EFBC}") = "Oculus.LipSync", "Oculus.LipSync.csproj", "{6059EC35-659C-BF5E-0710-C852D647FF33}"
EndProject
Project("{FAE04EC0-301F-11D3-BF4B-00C04F79EFBC}") = "Oculus.Spatializer", "Oculus.Spatializer.csproj", "{F28AF577-CB1F-AB8E-E9AA-EFC46D466D21}"
EndProject
Project("{FAE04EC0-301F-11D3-BF4B-00C04F79EFBC}") = "Meta.VoiceSDK.Mic.Other", "Meta.VoiceSDK.Mic.Other.csproj", "{A2F4566F-8E92-B97C-7709-133610DA8FBB}"
EndProject
Project("{FAE04EC0-301F-11D3-BF4B-00C04F79EFBC}") = "Meta.VoiceSDK.Mic.WebGL", "Meta.VoiceSDK.Mic.WebGL.csproj", "{6ACFAB2C-F377-5B84-D1E6-347132A89A08}"
EndProject
Project("{FAE04EC0-301F-11D3-BF4B-00C04F79EFBC}") = "Meta.VoiceSDK.Mic.Common", "Meta.VoiceSDK.Mic.Common.csproj", "{D26BECBF-7D33-73F6-E6B4-ACE8EC3C2E60}"
EndProject
Project("{FAE04EC0-301F-11D3-BF4B-00C04F79EFBC}") = "Facebook.Wit.Dictation", "Facebook.Wit.Dictation.csproj", "{1F1481E7-1D9C-BF9E-830D-878F2763BAC4}"
EndProject
Project("{FAE04EC0-301F-11D3-BF4B-00C04F79EFBC}") = "Meta.WitAi.TTS", "Meta.WitAi.TTS.csproj", "{A734E86D-3350-7193-00B8-62CFA4E02C8E}"
EndProject
Project("{FAE04EC0-301F-11D3-BF4B-00C04F79EFBC}") = "Meta.WitAi.Editor", "Meta.WitAi.Editor.csproj", "{09401651-7F59-A822-CBF7-A7288292E97C}"
EndProject
Project("{FAE04EC0-301F-11D3-BF4B-00C04F79EFBC}") = "Meta.WitAI.Lib.Editor", "Meta.WitAI.Lib.Editor.csproj", "{562E3B0A-0CD4-278E-BC1A-6D7CFF8D2B11}"
EndProject
Project("{FAE04EC0-301F-11D3-BF4B-00C04F79EFBC}") = "Oculus.VR.Editor", "Oculus.VR.Editor.csproj", "{BBFEE63F-C90F-0D79-80B3-0FF6ACC89A81}"
EndProject
Project("{FAE04EC0-301F-11D3-BF4B-00C04F79EFBC}") = "Meta.WitAi.Conduit.Editor", "Meta.WitAi.Conduit.Editor.csproj", "{D42E7F45-9B96-BD4D-6A12-FAE84929069D}"
EndProject
Project("{FAE04EC0-301F-11D3-BF4B-00C04F79EFBC}") = "Oculus.Interaction.Editor", "Oculus.Interaction.Editor.csproj", "{3FF95B12-8E0B-1CA7-BB75-202C4814FC26}"
EndProject
Project("{FAE04EC0-301F-11D3-BF4B-00C04F79EFBC}") = "Oculus.Interaction.OVR.Editor", "Oculus.Interaction.OVR.Editor.csproj", "{3963878F-7F4C-4B11-19C6-D8DDE3B91B51}"
EndProject
Project("{FAE04EC0-301F-11D3-BF4B-00C04F79EFBC}") = "Assembly-CSharp-Editor", "Assembly-CSharp-Editor.csproj", "{24551377-B924-C485-04E2-2B8A2BB56DD8}"
EndProject
Project("{FAE04EC0-301F-11D3-BF4B-00C04F79EFBC}") = "Oculus.VR.Scripts.Editor", "Oculus.VR.Scripts.Editor.csproj", "{E558DDA4-70D6-2802-DA1E-EF8FF4B5A8D3}"
EndProject
Project("{FAE04EC0-301F-11D3-BF4B-00C04F79EFBC}") = "Oculus.Spatializer.Editor", "Oculus.Spatializer.Editor.csproj", "{06588BCA-A827-2BE9-2F8A-D25C6AE82EAD}"
EndProject
Project("{FAE04EC0-301F-11D3-BF4B-00C04F79EFBC}") = "Meta.WitAi.TTS.Editor", "Meta.WitAi.TTS.Editor.csproj", "{FADB67F5-DECF-75AE-303D-8DB550079AEE}"
EndProject
Project("{FAE04EC0-301F-11D3-BF4B-00C04F79EFBC}") = "VoiceSDK.Dictation.Editor", "VoiceSDK.Dictation.Editor.csproj", "{2EF49F7C-7F10-C428-9262-34072A52100E}"
EndProject
Project("{FAE04EC0-301F-11D3-BF4B-00C04F79EFBC}") = "Oculus.Platform.Editor", "Oculus.Platform.Editor.csproj", "{671E8829-AAF9-1E60-B679-F997F191CB06}"
EndProject
Project("{FAE04EC0-301F-11D3-BF4B-00C04F79EFBC}") = "VoiceSDK.Editor", "VoiceSDK.Editor.csproj", "{911CEF24-EB79-C997-26BF-BC58E2DD5A0A}"
EndProject
Project("{FAE04EC0-301F-11D3-BF4B-00C04F79EFBC}") = "Oculus.AudioManager.Audio.Editor", "Oculus.AudioManager.Audio.Editor.csproj", "{9134057C-4586-6EFF-141A-63FA95CEF17D}"
EndProject
Project("{FAE04EC0-301F-11D3-BF4B-00C04F79EFBC}") = "Oculus.LipSync.Editor", "Oculus.LipSync.Editor.csproj", "{B8B394A1-F518-94AD-B796-C8003B885B9D}"
EndProject
Project("{FAE04EC0-301F-11D3-BF4B-00C04F79EFBC}") = "Oculus.AudioManager.Utils.Editor", "Oculus.AudioManager.Utils.Editor.csproj", "{D53590A3-45D2-7B56-074C-EC0A7688A2E5}"
EndProject
Project("{FAE04EC0-301F-11D3-BF4B-00C04F79EFBC}") = "Oculus.Interaction.Samples.Editor", "Oculus.Interaction.Samples.Editor.csproj", "{93E6B775-2D75-0409-F17C-0F01C585B300}"
EndProject
Project("{FAE04EC0-301F-11D3-BF4B-00C04F79EFBC}") = "Facebook.Wit.Dictation.Editor", "Facebook.Wit.Dictation.Editor.csproj", "{79338731-4DBA-C9FE-DB09-830A7693E232}"
EndProject
Project("{FAE04EC0-301F-11D3-BF4B-00C04F79EFBC}") = "Oculus.Interaction.InterfaceSupport", "Oculus.Interaction.InterfaceSupport.csproj", "{6E3FDAE6-5838-F71A-A323-A0492B6E1F20}"
EndProject
Project("{FAE04EC0-301F-11D3-BF4B-00C04F79EFBC}") = "AssistantCoreSDKEditor", "AssistantCoreSDKEditor.csproj", "{1B580270-D04B-68EB-D16C-BB45BD98EE39}"
EndProject
Global
	GlobalSection(SolutionConfigurationPlatforms) = preSolution
		Debug|Any CPU = Debug|Any CPU
		Release|Any CPU = Release|Any CPU
	EndGlobalSection
	GlobalSection(ProjectConfigurationPlatforms) = postSolution
		{2D2683F9-523E-832B-FF16-423D37908457}.Debug|Any CPU.ActiveCfg = Debug|Any CPU
		{2D2683F9-523E-832B-FF16-423D37908457}.Debug|Any CPU.Build.0 = Debug|Any CPU
		{2D2683F9-523E-832B-FF16-423D37908457}.Release|Any CPU.ActiveCfg = Release|Any CPU
		{2D2683F9-523E-832B-FF16-423D37908457}.Release|Any CPU.Build.0 = Release|Any CPU
		{ED954475-684F-3A80-72FC-E863EA9EA43E}.Debug|Any CPU.ActiveCfg = Debug|Any CPU
		{ED954475-684F-3A80-72FC-E863EA9EA43E}.Debug|Any CPU.Build.0 = Debug|Any CPU
		{ED954475-684F-3A80-72FC-E863EA9EA43E}.Release|Any CPU.ActiveCfg = Release|Any CPU
		{ED954475-684F-3A80-72FC-E863EA9EA43E}.Release|Any CPU.Build.0 = Release|Any CPU
		{104305A5-7131-8F6B-BAA3-13C6E909C4B7}.Debug|Any CPU.ActiveCfg = Debug|Any CPU
		{104305A5-7131-8F6B-BAA3-13C6E909C4B7}.Debug|Any CPU.Build.0 = Debug|Any CPU
		{104305A5-7131-8F6B-BAA3-13C6E909C4B7}.Release|Any CPU.ActiveCfg = Release|Any CPU
		{104305A5-7131-8F6B-BAA3-13C6E909C4B7}.Release|Any CPU.Build.0 = Release|Any CPU
		{4F3EB568-CEEA-6489-19EC-78F40D9F1C2B}.Debug|Any CPU.ActiveCfg = Debug|Any CPU
		{4F3EB568-CEEA-6489-19EC-78F40D9F1C2B}.Debug|Any CPU.Build.0 = Debug|Any CPU
		{4F3EB568-CEEA-6489-19EC-78F40D9F1C2B}.Release|Any CPU.ActiveCfg = Release|Any CPU
		{4F3EB568-CEEA-6489-19EC-78F40D9F1C2B}.Release|Any CPU.Build.0 = Release|Any CPU
		{78C428B4-6C3E-2FA9-D550-45D2449F26F2}.Debug|Any CPU.ActiveCfg = Debug|Any CPU
		{78C428B4-6C3E-2FA9-D550-45D2449F26F2}.Debug|Any CPU.Build.0 = Debug|Any CPU
		{78C428B4-6C3E-2FA9-D550-45D2449F26F2}.Release|Any CPU.ActiveCfg = Release|Any CPU
		{78C428B4-6C3E-2FA9-D550-45D2449F26F2}.Release|Any CPU.Build.0 = Release|Any CPU
		{FF71A95D-D2A1-EF3C-4A48-2FC07AF79F13}.Debug|Any CPU.ActiveCfg = Debug|Any CPU
		{FF71A95D-D2A1-EF3C-4A48-2FC07AF79F13}.Debug|Any CPU.Build.0 = Debug|Any CPU
		{FF71A95D-D2A1-EF3C-4A48-2FC07AF79F13}.Release|Any CPU.ActiveCfg = Release|Any CPU
		{FF71A95D-D2A1-EF3C-4A48-2FC07AF79F13}.Release|Any CPU.Build.0 = Release|Any CPU
		{15A039B0-61FF-BC66-F7C4-EF183E52B725}.Debug|Any CPU.ActiveCfg = Debug|Any CPU
		{15A039B0-61FF-BC66-F7C4-EF183E52B725}.Debug|Any CPU.Build.0 = Debug|Any CPU
		{15A039B0-61FF-BC66-F7C4-EF183E52B725}.Release|Any CPU.ActiveCfg = Release|Any CPU
		{15A039B0-61FF-BC66-F7C4-EF183E52B725}.Release|Any CPU.Build.0 = Release|Any CPU
		{F3C2CBA2-9EDD-61DB-9A10-239279FEF0FB}.Debug|Any CPU.ActiveCfg = Debug|Any CPU
		{F3C2CBA2-9EDD-61DB-9A10-239279FEF0FB}.Debug|Any CPU.Build.0 = Debug|Any CPU
		{F3C2CBA2-9EDD-61DB-9A10-239279FEF0FB}.Release|Any CPU.ActiveCfg = Release|Any CPU
		{F3C2CBA2-9EDD-61DB-9A10-239279FEF0FB}.Release|Any CPU.Build.0 = Release|Any CPU
		{CBAB2A5D-D078-F7C7-2016-A1ABAB55DA8F}.Debug|Any CPU.ActiveCfg = Debug|Any CPU
		{CBAB2A5D-D078-F7C7-2016-A1ABAB55DA8F}.Debug|Any CPU.Build.0 = Debug|Any CPU
		{CBAB2A5D-D078-F7C7-2016-A1ABAB55DA8F}.Release|Any CPU.ActiveCfg = Release|Any CPU
		{CBAB2A5D-D078-F7C7-2016-A1ABAB55DA8F}.Release|Any CPU.Build.0 = Release|Any CPU
		{9407D3EC-58F8-4AE2-CA78-640004233551}.Debug|Any CPU.ActiveCfg = Debug|Any CPU
		{9407D3EC-58F8-4AE2-CA78-640004233551}.Debug|Any CPU.Build.0 = Debug|Any CPU
		{9407D3EC-58F8-4AE2-CA78-640004233551}.Release|Any CPU.ActiveCfg = Release|Any CPU
		{9407D3EC-58F8-4AE2-CA78-640004233551}.Release|Any CPU.Build.0 = Release|Any CPU
		{D1098BFD-D1ED-854E-05C5-0605FAB8347D}.Debug|Any CPU.ActiveCfg = Debug|Any CPU
		{D1098BFD-D1ED-854E-05C5-0605FAB8347D}.Debug|Any CPU.Build.0 = Debug|Any CPU
		{D1098BFD-D1ED-854E-05C5-0605FAB8347D}.Release|Any CPU.ActiveCfg = Release|Any CPU
		{D1098BFD-D1ED-854E-05C5-0605FAB8347D}.Release|Any CPU.Build.0 = Release|Any CPU
		{48119669-1269-8976-2F29-69F7CFF185AF}.Debug|Any CPU.ActiveCfg = Debug|Any CPU
		{48119669-1269-8976-2F29-69F7CFF185AF}.Debug|Any CPU.Build.0 = Debug|Any CPU
		{48119669-1269-8976-2F29-69F7CFF185AF}.Release|Any CPU.ActiveCfg = Release|Any CPU
		{48119669-1269-8976-2F29-69F7CFF185AF}.Release|Any CPU.Build.0 = Release|Any CPU
		{4CAB9DAE-AB51-6207-2A20-F6490EB81928}.Debug|Any CPU.ActiveCfg = Debug|Any CPU
		{4CAB9DAE-AB51-6207-2A20-F6490EB81928}.Debug|Any CPU.Build.0 = Debug|Any CPU
		{4CAB9DAE-AB51-6207-2A20-F6490EB81928}.Release|Any CPU.ActiveCfg = Release|Any CPU
		{4CAB9DAE-AB51-6207-2A20-F6490EB81928}.Release|Any CPU.Build.0 = Release|Any CPU
		{99468E32-4FCA-40DC-F8AD-8AD0C66020A9}.Debug|Any CPU.ActiveCfg = Debug|Any CPU
		{99468E32-4FCA-40DC-F8AD-8AD0C66020A9}.Debug|Any CPU.Build.0 = Debug|Any CPU
		{99468E32-4FCA-40DC-F8AD-8AD0C66020A9}.Release|Any CPU.ActiveCfg = Release|Any CPU
		{99468E32-4FCA-40DC-F8AD-8AD0C66020A9}.Release|Any CPU.Build.0 = Release|Any CPU
		{1F43C6BC-7B8C-9894-5A0F-2D2716247A82}.Debug|Any CPU.ActiveCfg = Debug|Any CPU
		{1F43C6BC-7B8C-9894-5A0F-2D2716247A82}.Debug|Any CPU.Build.0 = Debug|Any CPU
		{1F43C6BC-7B8C-9894-5A0F-2D2716247A82}.Release|Any CPU.ActiveCfg = Release|Any CPU
		{1F43C6BC-7B8C-9894-5A0F-2D2716247A82}.Release|Any CPU.Build.0 = Release|Any CPU
		{6059EC35-659C-BF5E-0710-C852D647FF33}.Debug|Any CPU.ActiveCfg = Debug|Any CPU
		{6059EC35-659C-BF5E-0710-C852D647FF33}.Debug|Any CPU.Build.0 = Debug|Any CPU
		{6059EC35-659C-BF5E-0710-C852D647FF33}.Release|Any CPU.ActiveCfg = Release|Any CPU
		{6059EC35-659C-BF5E-0710-C852D647FF33}.Release|Any CPU.Build.0 = Release|Any CPU
		{F28AF577-CB1F-AB8E-E9AA-EFC46D466D21}.Debug|Any CPU.ActiveCfg = Debug|Any CPU
		{F28AF577-CB1F-AB8E-E9AA-EFC46D466D21}.Debug|Any CPU.Build.0 = Debug|Any CPU
		{F28AF577-CB1F-AB8E-E9AA-EFC46D466D21}.Release|Any CPU.ActiveCfg = Release|Any CPU
		{F28AF577-CB1F-AB8E-E9AA-EFC46D466D21}.Release|Any CPU.Build.0 = Release|Any CPU
		{A2F4566F-8E92-B97C-7709-133610DA8FBB}.Debug|Any CPU.ActiveCfg = Debug|Any CPU
		{A2F4566F-8E92-B97C-7709-133610DA8FBB}.Debug|Any CPU.Build.0 = Debug|Any CPU
		{A2F4566F-8E92-B97C-7709-133610DA8FBB}.Release|Any CPU.ActiveCfg = Release|Any CPU
		{A2F4566F-8E92-B97C-7709-133610DA8FBB}.Release|Any CPU.Build.0 = Release|Any CPU
		{6ACFAB2C-F377-5B84-D1E6-347132A89A08}.Debug|Any CPU.ActiveCfg = Debug|Any CPU
		{6ACFAB2C-F377-5B84-D1E6-347132A89A08}.Debug|Any CPU.Build.0 = Debug|Any CPU
		{6ACFAB2C-F377-5B84-D1E6-347132A89A08}.Release|Any CPU.ActiveCfg = Release|Any CPU
		{6ACFAB2C-F377-5B84-D1E6-347132A89A08}.Release|Any CPU.Build.0 = Release|Any CPU
		{D26BECBF-7D33-73F6-E6B4-ACE8EC3C2E60}.Debug|Any CPU.ActiveCfg = Debug|Any CPU
		{D26BECBF-7D33-73F6-E6B4-ACE8EC3C2E60}.Debug|Any CPU.Build.0 = Debug|Any CPU
		{D26BECBF-7D33-73F6-E6B4-ACE8EC3C2E60}.Release|Any CPU.ActiveCfg = Release|Any CPU
		{D26BECBF-7D33-73F6-E6B4-ACE8EC3C2E60}.Release|Any CPU.Build.0 = Release|Any CPU
		{1F1481E7-1D9C-BF9E-830D-878F2763BAC4}.Debug|Any CPU.ActiveCfg = Debug|Any CPU
		{1F1481E7-1D9C-BF9E-830D-878F2763BAC4}.Debug|Any CPU.Build.0 = Debug|Any CPU
		{1F1481E7-1D9C-BF9E-830D-878F2763BAC4}.Release|Any CPU.ActiveCfg = Release|Any CPU
		{1F1481E7-1D9C-BF9E-830D-878F2763BAC4}.Release|Any CPU.Build.0 = Release|Any CPU
		{A734E86D-3350-7193-00B8-62CFA4E02C8E}.Debug|Any CPU.ActiveCfg = Debug|Any CPU
		{A734E86D-3350-7193-00B8-62CFA4E02C8E}.Debug|Any CPU.Build.0 = Debug|Any CPU
		{A734E86D-3350-7193-00B8-62CFA4E02C8E}.Release|Any CPU.ActiveCfg = Release|Any CPU
		{A734E86D-3350-7193-00B8-62CFA4E02C8E}.Release|Any CPU.Build.0 = Release|Any CPU
		{09401651-7F59-A822-CBF7-A7288292E97C}.Debug|Any CPU.ActiveCfg = Debug|Any CPU
		{09401651-7F59-A822-CBF7-A7288292E97C}.Debug|Any CPU.Build.0 = Debug|Any CPU
		{09401651-7F59-A822-CBF7-A7288292E97C}.Release|Any CPU.ActiveCfg = Release|Any CPU
		{09401651-7F59-A822-CBF7-A7288292E97C}.Release|Any CPU.Build.0 = Release|Any CPU
		{562E3B0A-0CD4-278E-BC1A-6D7CFF8D2B11}.Debug|Any CPU.ActiveCfg = Debug|Any CPU
		{562E3B0A-0CD4-278E-BC1A-6D7CFF8D2B11}.Debug|Any CPU.Build.0 = Debug|Any CPU
		{562E3B0A-0CD4-278E-BC1A-6D7CFF8D2B11}.Release|Any CPU.ActiveCfg = Release|Any CPU
		{562E3B0A-0CD4-278E-BC1A-6D7CFF8D2B11}.Release|Any CPU.Build.0 = Release|Any CPU
		{BBFEE63F-C90F-0D79-80B3-0FF6ACC89A81}.Debug|Any CPU.ActiveCfg = Debug|Any CPU
		{BBFEE63F-C90F-0D79-80B3-0FF6ACC89A81}.Debug|Any CPU.Build.0 = Debug|Any CPU
		{BBFEE63F-C90F-0D79-80B3-0FF6ACC89A81}.Release|Any CPU.ActiveCfg = Release|Any CPU
		{BBFEE63F-C90F-0D79-80B3-0FF6ACC89A81}.Release|Any CPU.Build.0 = Release|Any CPU
		{D42E7F45-9B96-BD4D-6A12-FAE84929069D}.Debug|Any CPU.ActiveCfg = Debug|Any CPU
		{D42E7F45-9B96-BD4D-6A12-FAE84929069D}.Debug|Any CPU.Build.0 = Debug|Any CPU
		{D42E7F45-9B96-BD4D-6A12-FAE84929069D}.Release|Any CPU.ActiveCfg = Release|Any CPU
		{D42E7F45-9B96-BD4D-6A12-FAE84929069D}.Release|Any CPU.Build.0 = Release|Any CPU
		{3FF95B12-8E0B-1CA7-BB75-202C4814FC26}.Debug|Any CPU.ActiveCfg = Debug|Any CPU
		{3FF95B12-8E0B-1CA7-BB75-202C4814FC26}.Debug|Any CPU.Build.0 = Debug|Any CPU
		{3FF95B12-8E0B-1CA7-BB75-202C4814FC26}.Release|Any CPU.ActiveCfg = Release|Any CPU
		{3FF95B12-8E0B-1CA7-BB75-202C4814FC26}.Release|Any CPU.Build.0 = Release|Any CPU
		{3963878F-7F4C-4B11-19C6-D8DDE3B91B51}.Debug|Any CPU.ActiveCfg = Debug|Any CPU
		{3963878F-7F4C-4B11-19C6-D8DDE3B91B51}.Debug|Any CPU.Build.0 = Debug|Any CPU
		{3963878F-7F4C-4B11-19C6-D8DDE3B91B51}.Release|Any CPU.ActiveCfg = Release|Any CPU
		{3963878F-7F4C-4B11-19C6-D8DDE3B91B51}.Release|Any CPU.Build.0 = Release|Any CPU
		{24551377-B924-C485-04E2-2B8A2BB56DD8}.Debug|Any CPU.ActiveCfg = Debug|Any CPU
		{24551377-B924-C485-04E2-2B8A2BB56DD8}.Debug|Any CPU.Build.0 = Debug|Any CPU
		{24551377-B924-C485-04E2-2B8A2BB56DD8}.Release|Any CPU.ActiveCfg = Release|Any CPU
		{24551377-B924-C485-04E2-2B8A2BB56DD8}.Release|Any CPU.Build.0 = Release|Any CPU
		{E558DDA4-70D6-2802-DA1E-EF8FF4B5A8D3}.Debug|Any CPU.ActiveCfg = Debug|Any CPU
		{E558DDA4-70D6-2802-DA1E-EF8FF4B5A8D3}.Debug|Any CPU.Build.0 = Debug|Any CPU
		{E558DDA4-70D6-2802-DA1E-EF8FF4B5A8D3}.Release|Any CPU.ActiveCfg = Release|Any CPU
		{E558DDA4-70D6-2802-DA1E-EF8FF4B5A8D3}.Release|Any CPU.Build.0 = Release|Any CPU
		{06588BCA-A827-2BE9-2F8A-D25C6AE82EAD}.Debug|Any CPU.ActiveCfg = Debug|Any CPU
		{06588BCA-A827-2BE9-2F8A-D25C6AE82EAD}.Debug|Any CPU.Build.0 = Debug|Any CPU
		{06588BCA-A827-2BE9-2F8A-D25C6AE82EAD}.Release|Any CPU.ActiveCfg = Release|Any CPU
		{06588BCA-A827-2BE9-2F8A-D25C6AE82EAD}.Release|Any CPU.Build.0 = Release|Any CPU
		{FADB67F5-DECF-75AE-303D-8DB550079AEE}.Debug|Any CPU.ActiveCfg = Debug|Any CPU
		{FADB67F5-DECF-75AE-303D-8DB550079AEE}.Debug|Any CPU.Build.0 = Debug|Any CPU
		{FADB67F5-DECF-75AE-303D-8DB550079AEE}.Release|Any CPU.ActiveCfg = Release|Any CPU
		{FADB67F5-DECF-75AE-303D-8DB550079AEE}.Release|Any CPU.Build.0 = Release|Any CPU
		{2EF49F7C-7F10-C428-9262-34072A52100E}.Debug|Any CPU.ActiveCfg = Debug|Any CPU
		{2EF49F7C-7F10-C428-9262-34072A52100E}.Debug|Any CPU.Build.0 = Debug|Any CPU
		{2EF49F7C-7F10-C428-9262-34072A52100E}.Release|Any CPU.ActiveCfg = Release|Any CPU
		{2EF49F7C-7F10-C428-9262-34072A52100E}.Release|Any CPU.Build.0 = Release|Any CPU
		{671E8829-AAF9-1E60-B679-F997F191CB06}.Debug|Any CPU.ActiveCfg = Debug|Any CPU
		{671E8829-AAF9-1E60-B679-F997F191CB06}.Debug|Any CPU.Build.0 = Debug|Any CPU
		{671E8829-AAF9-1E60-B679-F997F191CB06}.Release|Any CPU.ActiveCfg = Release|Any CPU
		{671E8829-AAF9-1E60-B679-F997F191CB06}.Release|Any CPU.Build.0 = Release|Any CPU
		{911CEF24-EB79-C997-26BF-BC58E2DD5A0A}.Debug|Any CPU.ActiveCfg = Debug|Any CPU
		{911CEF24-EB79-C997-26BF-BC58E2DD5A0A}.Debug|Any CPU.Build.0 = Debug|Any CPU
		{911CEF24-EB79-C997-26BF-BC58E2DD5A0A}.Release|Any CPU.ActiveCfg = Release|Any CPU
		{911CEF24-EB79-C997-26BF-BC58E2DD5A0A}.Release|Any CPU.Build.0 = Release|Any CPU
		{9134057C-4586-6EFF-141A-63FA95CEF17D}.Debug|Any CPU.ActiveCfg = Debug|Any CPU
		{9134057C-4586-6EFF-141A-63FA95CEF17D}.Debug|Any CPU.Build.0 = Debug|Any CPU
		{9134057C-4586-6EFF-141A-63FA95CEF17D}.Release|Any CPU.ActiveCfg = Release|Any CPU
		{9134057C-4586-6EFF-141A-63FA95CEF17D}.Release|Any CPU.Build.0 = Release|Any CPU
		{B8B394A1-F518-94AD-B796-C8003B885B9D}.Debug|Any CPU.ActiveCfg = Debug|Any CPU
		{B8B394A1-F518-94AD-B796-C8003B885B9D}.Debug|Any CPU.Build.0 = Debug|Any CPU
		{B8B394A1-F518-94AD-B796-C8003B885B9D}.Release|Any CPU.ActiveCfg = Release|Any CPU
		{B8B394A1-F518-94AD-B796-C8003B885B9D}.Release|Any CPU.Build.0 = Release|Any CPU
		{D53590A3-45D2-7B56-074C-EC0A7688A2E5}.Debug|Any CPU.ActiveCfg = Debug|Any CPU
		{D53590A3-45D2-7B56-074C-EC0A7688A2E5}.Debug|Any CPU.Build.0 = Debug|Any CPU
		{D53590A3-45D2-7B56-074C-EC0A7688A2E5}.Release|Any CPU.ActiveCfg = Release|Any CPU
		{D53590A3-45D2-7B56-074C-EC0A7688A2E5}.Release|Any CPU.Build.0 = Release|Any CPU
		{93E6B775-2D75-0409-F17C-0F01C585B300}.Debug|Any CPU.ActiveCfg = Debug|Any CPU
		{93E6B775-2D75-0409-F17C-0F01C585B300}.Debug|Any CPU.Build.0 = Debug|Any CPU
		{93E6B775-2D75-0409-F17C-0F01C585B300}.Release|Any CPU.ActiveCfg = Release|Any CPU
		{93E6B775-2D75-0409-F17C-0F01C585B300}.Release|Any CPU.Build.0 = Release|Any CPU
		{79338731-4DBA-C9FE-DB09-830A7693E232}.Debug|Any CPU.ActiveCfg = Debug|Any CPU
		{79338731-4DBA-C9FE-DB09-830A7693E232}.Debug|Any CPU.Build.0 = Debug|Any CPU
		{79338731-4DBA-C9FE-DB09-830A7693E232}.Release|Any CPU.ActiveCfg = Release|Any CPU
		{79338731-4DBA-C9FE-DB09-830A7693E232}.Release|Any CPU.Build.0 = Release|Any CPU
		{6E3FDAE6-5838-F71A-A323-A0492B6E1F20}.Debug|Any CPU.ActiveCfg = Debug|Any CPU
		{6E3FDAE6-5838-F71A-A323-A0492B6E1F20}.Debug|Any CPU.Build.0 = Debug|Any CPU
		{6E3FDAE6-5838-F71A-A323-A0492B6E1F20}.Release|Any CPU.ActiveCfg = Release|Any CPU
		{6E3FDAE6-5838-F71A-A323-A0492B6E1F20}.Release|Any CPU.Build.0 = Release|Any CPU
		{1B580270-D04B-68EB-D16C-BB45BD98EE39}.Debug|Any CPU.ActiveCfg = Debug|Any CPU
		{1B580270-D04B-68EB-D16C-BB45BD98EE39}.Debug|Any CPU.Build.0 = Debug|Any CPU
		{1B580270-D04B-68EB-D16C-BB45BD98EE39}.Release|Any CPU.ActiveCfg = Release|Any CPU
		{1B580270-D04B-68EB-D16C-BB45BD98EE39}.Release|Any CPU.Build.0 = Release|Any CPU
	EndGlobalSection
	GlobalSection(SolutionProperties) = preSolution
		HideSolutionNode = FALSE
	EndGlobalSection
EndGlobal
