
Microsoft Visual Studio Solution File, Format Version 12.00
# Visual Studio 15
Project("{FAE04EC0-301F-11D3-BF4B-00C04F79EFBC}") = "Oculus.Platform", "Oculus.Platform.csproj", "{A7484B46-D563-00BB-B25B-D8702871294A}"
EndProject
Project("{FAE04EC0-301F-11D3-BF4B-00C04F79EFBC}") = "Assembly-CSharp", "Assembly-CSharp.csproj", "{9752E7C1-1EE4-82FA-BF98-2C9052A7E2FC}"
EndProject
Project("{FAE04EC0-301F-11D3-BF4B-00C04F79EFBC}") = "Meta.WitAi", "Meta.WitAi.csproj", "{1529CCF8-231A-D0A2-9939-802364635F70}"
EndProject
Project("{FAE04EC0-301F-11D3-BF4B-00C04F79EFBC}") = "Oculus.Interaction", "Oculus.Interaction.csproj", "{DE9AD933-8508-D126-3D65-9AA8FDE5BF00}"
EndProject
Project("{FAE04EC0-301F-11D3-BF4B-00C04F79EFBC}") = "Oculus.VR", "Oculus.VR.csproj", "{27611A83-8244-E0E8-8B2E-69DD9A4797C4}"
EndProject
Project("{FAE04EC0-301F-11D3-BF4B-00C04F79EFBC}") = "VoiceSDK.Dictation.Runtime", "VoiceSDK.Dictation.Runtime.csproj", "{59F1AB68-E84B-37F2-8A81-77789C51FAC9}"
EndProject
Project("{FAE04EC0-301F-11D3-BF4B-00C04F79EFBC}") = "Meta.WitAi.Lib", "Meta.WitAi.Lib.csproj", "{36240CC6-0CF0-BAFD-5266-00F82E52EC9A}"
EndProject
Project("{FAE04EC0-301F-11D3-BF4B-00C04F79EFBC}") = "VoiceSDK.Runtime", "VoiceSDK.Runtime.csproj", "{1993B487-78A0-1DEC-DAE1-8DD89552B8D0}"
EndProject
Project("{FAE04EC0-301F-11D3-BF4B-00C04F79EFBC}") = "Oculus.Interaction.OVR.Samples", "Oculus.Interaction.OVR.Samples.csproj", "{26289FCD-9086-47A5-C281-60452D953404}"
EndProject
Project("{FAE04EC0-301F-11D3-BF4B-00C04F79EFBC}") = "Meta.WitAi.TTS.Samples", "Meta.WitAi.TTS.Samples.csproj", "{AEC7BA93-FA66-0440-EC50-2465A1A72961}"
EndProject
Project("{FAE04EC0-301F-11D3-BF4B-00C04F79EFBC}") = "Oculus.Voice.Demo", "Oculus.Voice.Demo.csproj", "{2E3F804D-2B05-9325-0F5F-B6A8819DFDE7}"
EndProject
Project("{FAE04EC0-301F-11D3-BF4B-00C04F79EFBC}") = "Oculus.Interaction.OVR", "Oculus.Interaction.OVR.csproj", "{A2B72243-CB85-A8B3-18E6-34C5C33F553A}"
EndProject
Project("{FAE04EC0-301F-11D3-BF4B-00C04F79EFBC}") = "AssistantCoreSDKRuntime", "AssistantCoreSDKRuntime.csproj", "{1C16E4A8-EC0F-6B71-772B-BF8AEA61E3B1}"
EndProject
Project("{FAE04EC0-301F-11D3-BF4B-00C04F79EFBC}") = "Meta.WitAi.Conduit", "Meta.WitAi.Conduit.csproj", "{4154180E-7133-6170-DCB9-1FAEB329631F}"
EndProject
Project("{FAE04EC0-301F-11D3-BF4B-00C04F79EFBC}") = "Oculus.AudioManager", "Oculus.AudioManager.csproj", "{AE9E2ABE-B500-BE8D-356D-2622E4A5165C}"
EndProject
Project("{FAE04EC0-301F-11D3-BF4B-00C04F79EFBC}") = "Oculus.LipSync", "Oculus.LipSync.csproj", "{1CB1FFF0-862D-D943-002C-FB252DA86C4A}"
EndProject
Project("{FAE04EC0-301F-11D3-BF4B-00C04F79EFBC}") = "Oculus.Spatializer", "Oculus.Spatializer.csproj", "{12CDDB4F-156E-1E8D-181A-F480DA3D9D8E}"
EndProject
Project("{FAE04EC0-301F-11D3-BF4B-00C04F79EFBC}") = "Meta.VoiceSDK.Mic.Other", "Meta.VoiceSDK.Mic.Other.csproj", "{4906C3D5-71F7-62FE-FAD1-DC7FED230459}"
EndProject
Project("{FAE04EC0-301F-11D3-BF4B-00C04F79EFBC}") = "Meta.VoiceSDK.Mic.WebGL", "Meta.VoiceSDK.Mic.WebGL.csproj", "{2DB66964-D8DD-A7EC-201B-85AEB0B9ED49}"
EndProject
Project("{FAE04EC0-301F-11D3-BF4B-00C04F79EFBC}") = "Meta.VoiceSDK.Mic.Common", "Meta.VoiceSDK.Mic.Common.csproj", "{0C14BC44-93F2-916A-95B7-55B1146492E1}"
EndProject
Project("{FAE04EC0-301F-11D3-BF4B-00C04F79EFBC}") = "Facebook.Wit.Dictation", "Facebook.Wit.Dictation.csproj", "{C4BF8646-7F93-59E9-DA2F-021E6F680F65}"
EndProject
Project("{FAE04EC0-301F-11D3-BF4B-00C04F79EFBC}") = "Meta.WitAi.TTS", "Meta.WitAi.TTS.csproj", "{C77C2427-561D-A20C-55C4-0EA32B3FD3E1}"
EndProject
Project("{FAE04EC0-301F-11D3-BF4B-00C04F79EFBC}") = "Meta.WitAi.Editor", "Meta.WitAi.Editor.csproj", "{684493F6-F60A-942F-EF07-61ED93137209}"
EndProject
Project("{FAE04EC0-301F-11D3-BF4B-00C04F79EFBC}") = "Meta.WitAI.Lib.Editor", "Meta.WitAI.Lib.Editor.csproj", "{1CDF2095-8C7C-1FCC-3FC1-9CE3DE77C2A1}"
EndProject
Project("{FAE04EC0-301F-11D3-BF4B-00C04F79EFBC}") = "Oculus.VR.Editor", "Oculus.VR.Editor.csproj", "{2519CAFB-7C25-343F-51D6-90A8D6A93046}"
EndProject
Project("{FAE04EC0-301F-11D3-BF4B-00C04F79EFBC}") = "Meta.WitAi.Conduit.Editor", "Meta.WitAi.Conduit.Editor.csproj", "{D1596E5A-B6F5-298C-1909-FCDCE9AED5B1}"
EndProject
Project("{FAE04EC0-301F-11D3-BF4B-00C04F79EFBC}") = "Oculus.Interaction.Editor", "Oculus.Interaction.Editor.csproj", "{A28510B3-0934-D553-DDF4-CD197F9EBE48}"
EndProject
Project("{FAE04EC0-301F-11D3-BF4B-00C04F79EFBC}") = "Oculus.Interaction.OVR.Editor", "Oculus.Interaction.OVR.Editor.csproj", "{4153FF2D-3BCB-07B8-FA76-68FBDDC58321}"
EndProject
Project("{FAE04EC0-301F-11D3-BF4B-00C04F79EFBC}") = "Assembly-CSharp-Editor", "Assembly-CSharp-Editor.csproj", "{45898D89-5486-8C35-6073-D7AD20E88B5A}"
EndProject
Project("{FAE04EC0-301F-11D3-BF4B-00C04F79EFBC}") = "Oculus.VR.Scripts.Editor", "Oculus.VR.Scripts.Editor.csproj", "{AC3EEDB7-6BEE-D625-323E-D721FAE52CA4}"
EndProject
Project("{FAE04EC0-301F-11D3-BF4B-00C04F79EFBC}") = "Oculus.Spatializer.Editor", "Oculus.Spatializer.Editor.csproj", "{E29BDA0C-B6AC-8297-611F-4B864B2C7667}"
EndProject
Project("{FAE04EC0-301F-11D3-BF4B-00C04F79EFBC}") = "Meta.WitAi.TTS.Editor", "Meta.WitAi.TTS.Editor.csproj", "{9CBD42E5-8CB2-3EAB-0F73-57A0A3AD675B}"
EndProject
Project("{FAE04EC0-301F-11D3-BF4B-00C04F79EFBC}") = "VoiceSDK.Dictation.Editor", "VoiceSDK.Dictation.Editor.csproj", "{648EBC15-D7E4-83FE-87D4-5EF5D4964033}"
EndProject
Project("{FAE04EC0-301F-11D3-BF4B-00C04F79EFBC}") = "Oculus.Platform.Editor", "Oculus.Platform.Editor.csproj", "{239B4E9B-0DFF-0C65-BE47-9EB755C47C8D}"
EndProject
Project("{FAE04EC0-301F-11D3-BF4B-00C04F79EFBC}") = "VoiceSDK.Editor", "VoiceSDK.Editor.csproj", "{874189BB-6285-4006-8D57-A0898E686DE5}"
EndProject
Project("{FAE04EC0-301F-11D3-BF4B-00C04F79EFBC}") = "Oculus.AudioManager.Audio.Editor", "Oculus.AudioManager.Audio.Editor.csproj", "{FD0B7EB1-9574-0F64-4709-C4BBC4828E4C}"
EndProject
Project("{FAE04EC0-301F-11D3-BF4B-00C04F79EFBC}") = "Oculus.LipSync.Editor", "Oculus.LipSync.Editor.csproj", "{2BDF1D77-7197-D955-760E-E989FAA5DE41}"
EndProject
Project("{FAE04EC0-301F-11D3-BF4B-00C04F79EFBC}") = "Oculus.AudioManager.Utils.Editor", "Oculus.AudioManager.Utils.Editor.csproj", "{14D56D8F-BC25-8CCA-8E7A-00DF18837187}"
EndProject
Project("{FAE04EC0-301F-11D3-BF4B-00C04F79EFBC}") = "Oculus.Interaction.Samples.Editor", "Oculus.Interaction.Samples.Editor.csproj", "{F1ABB05B-1DEF-5D7F-F91A-62C3932359FE}"
EndProject
Project("{FAE04EC0-301F-11D3-BF4B-00C04F79EFBC}") = "Facebook.Wit.Dictation.Editor", "Facebook.Wit.Dictation.Editor.csproj", "{080533ED-4909-50D8-520B-604106BF04D4}"
EndProject
Project("{FAE04EC0-301F-11D3-BF4B-00C04F79EFBC}") = "Oculus.Interaction.InterfaceSupport", "Oculus.Interaction.InterfaceSupport.csproj", "{1F362C38-805E-9269-B434-0CC494F542FE}"
EndProject
Project("{FAE04EC0-301F-11D3-BF4B-00C04F79EFBC}") = "AssistantCoreSDKEditor", "AssistantCoreSDKEditor.csproj", "{D067B21C-C5F4-0A14-970A-07B8DC609257}"
EndProject
Global
	GlobalSection(SolutionConfigurationPlatforms) = preSolution
		Debug|Any CPU = Debug|Any CPU
		Release|Any CPU = Release|Any CPU
	EndGlobalSection
	GlobalSection(ProjectConfigurationPlatforms) = postSolution
		{A7484B46-D563-00BB-B25B-D8702871294A}.Debug|Any CPU.ActiveCfg = Debug|Any CPU
		{A7484B46-D563-00BB-B25B-D8702871294A}.Debug|Any CPU.Build.0 = Debug|Any CPU
		{A7484B46-D563-00BB-B25B-D8702871294A}.Release|Any CPU.ActiveCfg = Release|Any CPU
		{A7484B46-D563-00BB-B25B-D8702871294A}.Release|Any CPU.Build.0 = Release|Any CPU
		{9752E7C1-1EE4-82FA-BF98-2C9052A7E2FC}.Debug|Any CPU.ActiveCfg = Debug|Any CPU
		{9752E7C1-1EE4-82FA-BF98-2C9052A7E2FC}.Debug|Any CPU.Build.0 = Debug|Any CPU
		{9752E7C1-1EE4-82FA-BF98-2C9052A7E2FC}.Release|Any CPU.ActiveCfg = Release|Any CPU
		{9752E7C1-1EE4-82FA-BF98-2C9052A7E2FC}.Release|Any CPU.Build.0 = Release|Any CPU
		{1529CCF8-231A-D0A2-9939-802364635F70}.Debug|Any CPU.ActiveCfg = Debug|Any CPU
		{1529CCF8-231A-D0A2-9939-802364635F70}.Debug|Any CPU.Build.0 = Debug|Any CPU
		{1529CCF8-231A-D0A2-9939-802364635F70}.Release|Any CPU.ActiveCfg = Release|Any CPU
		{1529CCF8-231A-D0A2-9939-802364635F70}.Release|Any CPU.Build.0 = Release|Any CPU
		{DE9AD933-8508-D126-3D65-9AA8FDE5BF00}.Debug|Any CPU.ActiveCfg = Debug|Any CPU
		{DE9AD933-8508-D126-3D65-9AA8FDE5BF00}.Debug|Any CPU.Build.0 = Debug|Any CPU
		{DE9AD933-8508-D126-3D65-9AA8FDE5BF00}.Release|Any CPU.ActiveCfg = Release|Any CPU
		{DE9AD933-8508-D126-3D65-9AA8FDE5BF00}.Release|Any CPU.Build.0 = Release|Any CPU
		{27611A83-8244-E0E8-8B2E-69DD9A4797C4}.Debug|Any CPU.ActiveCfg = Debug|Any CPU
		{27611A83-8244-E0E8-8B2E-69DD9A4797C4}.Debug|Any CPU.Build.0 = Debug|Any CPU
		{27611A83-8244-E0E8-8B2E-69DD9A4797C4}.Release|Any CPU.ActiveCfg = Release|Any CPU
		{27611A83-8244-E0E8-8B2E-69DD9A4797C4}.Release|Any CPU.Build.0 = Release|Any CPU
		{59F1AB68-E84B-37F2-8A81-77789C51FAC9}.Debug|Any CPU.ActiveCfg = Debug|Any CPU
		{59F1AB68-E84B-37F2-8A81-77789C51FAC9}.Debug|Any CPU.Build.0 = Debug|Any CPU
		{59F1AB68-E84B-37F2-8A81-77789C51FAC9}.Release|Any CPU.ActiveCfg = Release|Any CPU
		{59F1AB68-E84B-37F2-8A81-77789C51FAC9}.Release|Any CPU.Build.0 = Release|Any CPU
		{36240CC6-0CF0-BAFD-5266-00F82E52EC9A}.Debug|Any CPU.ActiveCfg = Debug|Any CPU
		{36240CC6-0CF0-BAFD-5266-00F82E52EC9A}.Debug|Any CPU.Build.0 = Debug|Any CPU
		{36240CC6-0CF0-BAFD-5266-00F82E52EC9A}.Release|Any CPU.ActiveCfg = Release|Any CPU
		{36240CC6-0CF0-BAFD-5266-00F82E52EC9A}.Release|Any CPU.Build.0 = Release|Any CPU
		{1993B487-78A0-1DEC-DAE1-8DD89552B8D0}.Debug|Any CPU.ActiveCfg = Debug|Any CPU
		{1993B487-78A0-1DEC-DAE1-8DD89552B8D0}.Debug|Any CPU.Build.0 = Debug|Any CPU
		{1993B487-78A0-1DEC-DAE1-8DD89552B8D0}.Release|Any CPU.ActiveCfg = Release|Any CPU
		{1993B487-78A0-1DEC-DAE1-8DD89552B8D0}.Release|Any CPU.Build.0 = Release|Any CPU
		{26289FCD-9086-47A5-C281-60452D953404}.Debug|Any CPU.ActiveCfg = Debug|Any CPU
		{26289FCD-9086-47A5-C281-60452D953404}.Debug|Any CPU.Build.0 = Debug|Any CPU
		{26289FCD-9086-47A5-C281-60452D953404}.Release|Any CPU.ActiveCfg = Release|Any CPU
		{26289FCD-9086-47A5-C281-60452D953404}.Release|Any CPU.Build.0 = Release|Any CPU
		{AEC7BA93-FA66-0440-EC50-2465A1A72961}.Debug|Any CPU.ActiveCfg = Debug|Any CPU
		{AEC7BA93-FA66-0440-EC50-2465A1A72961}.Debug|Any CPU.Build.0 = Debug|Any CPU
		{AEC7BA93-FA66-0440-EC50-2465A1A72961}.Release|Any CPU.ActiveCfg = Release|Any CPU
		{AEC7BA93-FA66-0440-EC50-2465A1A72961}.Release|Any CPU.Build.0 = Release|Any CPU
		{2E3F804D-2B05-9325-0F5F-B6A8819DFDE7}.Debug|Any CPU.ActiveCfg = Debug|Any CPU
		{2E3F804D-2B05-9325-0F5F-B6A8819DFDE7}.Debug|Any CPU.Build.0 = Debug|Any CPU
		{2E3F804D-2B05-9325-0F5F-B6A8819DFDE7}.Release|Any CPU.ActiveCfg = Release|Any CPU
		{2E3F804D-2B05-9325-0F5F-B6A8819DFDE7}.Release|Any CPU.Build.0 = Release|Any CPU
		{A2B72243-CB85-A8B3-18E6-34C5C33F553A}.Debug|Any CPU.ActiveCfg = Debug|Any CPU
		{A2B72243-CB85-A8B3-18E6-34C5C33F553A}.Debug|Any CPU.Build.0 = Debug|Any CPU
		{A2B72243-CB85-A8B3-18E6-34C5C33F553A}.Release|Any CPU.ActiveCfg = Release|Any CPU
		{A2B72243-CB85-A8B3-18E6-34C5C33F553A}.Release|Any CPU.Build.0 = Release|Any CPU
		{1C16E4A8-EC0F-6B71-772B-BF8AEA61E3B1}.Debug|Any CPU.ActiveCfg = Debug|Any CPU
		{1C16E4A8-EC0F-6B71-772B-BF8AEA61E3B1}.Debug|Any CPU.Build.0 = Debug|Any CPU
		{1C16E4A8-EC0F-6B71-772B-BF8AEA61E3B1}.Release|Any CPU.ActiveCfg = Release|Any CPU
		{1C16E4A8-EC0F-6B71-772B-BF8AEA61E3B1}.Release|Any CPU.Build.0 = Release|Any CPU
		{4154180E-7133-6170-DCB9-1FAEB329631F}.Debug|Any CPU.ActiveCfg = Debug|Any CPU
		{4154180E-7133-6170-DCB9-1FAEB329631F}.Debug|Any CPU.Build.0 = Debug|Any CPU
		{4154180E-7133-6170-DCB9-1FAEB329631F}.Release|Any CPU.ActiveCfg = Release|Any CPU
		{4154180E-7133-6170-DCB9-1FAEB329631F}.Release|Any CPU.Build.0 = Release|Any CPU
		{AE9E2ABE-B500-BE8D-356D-2622E4A5165C}.Debug|Any CPU.ActiveCfg = Debug|Any CPU
		{AE9E2ABE-B500-BE8D-356D-2622E4A5165C}.Debug|Any CPU.Build.0 = Debug|Any CPU
		{AE9E2ABE-B500-BE8D-356D-2622E4A5165C}.Release|Any CPU.ActiveCfg = Release|Any CPU
		{AE9E2ABE-B500-BE8D-356D-2622E4A5165C}.Release|Any CPU.Build.0 = Release|Any CPU
		{1CB1FFF0-862D-D943-002C-FB252DA86C4A}.Debug|Any CPU.ActiveCfg = Debug|Any CPU
		{1CB1FFF0-862D-D943-002C-FB252DA86C4A}.Debug|Any CPU.Build.0 = Debug|Any CPU
		{1CB1FFF0-862D-D943-002C-FB252DA86C4A}.Release|Any CPU.ActiveCfg = Release|Any CPU
		{1CB1FFF0-862D-D943-002C-FB252DA86C4A}.Release|Any CPU.Build.0 = Release|Any CPU
		{12CDDB4F-156E-1E8D-181A-F480DA3D9D8E}.Debug|Any CPU.ActiveCfg = Debug|Any CPU
		{12CDDB4F-156E-1E8D-181A-F480DA3D9D8E}.Debug|Any CPU.Build.0 = Debug|Any CPU
		{12CDDB4F-156E-1E8D-181A-F480DA3D9D8E}.Release|Any CPU.ActiveCfg = Release|Any CPU
		{12CDDB4F-156E-1E8D-181A-F480DA3D9D8E}.Release|Any CPU.Build.0 = Release|Any CPU
		{4906C3D5-71F7-62FE-FAD1-DC7FED230459}.Debug|Any CPU.ActiveCfg = Debug|Any CPU
		{4906C3D5-71F7-62FE-FAD1-DC7FED230459}.Debug|Any CPU.Build.0 = Debug|Any CPU
		{4906C3D5-71F7-62FE-FAD1-DC7FED230459}.Release|Any CPU.ActiveCfg = Release|Any CPU
		{4906C3D5-71F7-62FE-FAD1-DC7FED230459}.Release|Any CPU.Build.0 = Release|Any CPU
		{2DB66964-D8DD-A7EC-201B-85AEB0B9ED49}.Debug|Any CPU.ActiveCfg = Debug|Any CPU
		{2DB66964-D8DD-A7EC-201B-85AEB0B9ED49}.Debug|Any CPU.Build.0 = Debug|Any CPU
		{2DB66964-D8DD-A7EC-201B-85AEB0B9ED49}.Release|Any CPU.ActiveCfg = Release|Any CPU
		{2DB66964-D8DD-A7EC-201B-85AEB0B9ED49}.Release|Any CPU.Build.0 = Release|Any CPU
		{0C14BC44-93F2-916A-95B7-55B1146492E1}.Debug|Any CPU.ActiveCfg = Debug|Any CPU
		{0C14BC44-93F2-916A-95B7-55B1146492E1}.Debug|Any CPU.Build.0 = Debug|Any CPU
		{0C14BC44-93F2-916A-95B7-55B1146492E1}.Release|Any CPU.ActiveCfg = Release|Any CPU
		{0C14BC44-93F2-916A-95B7-55B1146492E1}.Release|Any CPU.Build.0 = Release|Any CPU
		{C4BF8646-7F93-59E9-DA2F-021E6F680F65}.Debug|Any CPU.ActiveCfg = Debug|Any CPU
		{C4BF8646-7F93-59E9-DA2F-021E6F680F65}.Debug|Any CPU.Build.0 = Debug|Any CPU
		{C4BF8646-7F93-59E9-DA2F-021E6F680F65}.Release|Any CPU.ActiveCfg = Release|Any CPU
		{C4BF8646-7F93-59E9-DA2F-021E6F680F65}.Release|Any CPU.Build.0 = Release|Any CPU
		{C77C2427-561D-A20C-55C4-0EA32B3FD3E1}.Debug|Any CPU.ActiveCfg = Debug|Any CPU
		{C77C2427-561D-A20C-55C4-0EA32B3FD3E1}.Debug|Any CPU.Build.0 = Debug|Any CPU
		{C77C2427-561D-A20C-55C4-0EA32B3FD3E1}.Release|Any CPU.ActiveCfg = Release|Any CPU
		{C77C2427-561D-A20C-55C4-0EA32B3FD3E1}.Release|Any CPU.Build.0 = Release|Any CPU
		{684493F6-F60A-942F-EF07-61ED93137209}.Debug|Any CPU.ActiveCfg = Debug|Any CPU
		{684493F6-F60A-942F-EF07-61ED93137209}.Debug|Any CPU.Build.0 = Debug|Any CPU
		{684493F6-F60A-942F-EF07-61ED93137209}.Release|Any CPU.ActiveCfg = Release|Any CPU
		{684493F6-F60A-942F-EF07-61ED93137209}.Release|Any CPU.Build.0 = Release|Any CPU
		{1CDF2095-8C7C-1FCC-3FC1-9CE3DE77C2A1}.Debug|Any CPU.ActiveCfg = Debug|Any CPU
		{1CDF2095-8C7C-1FCC-3FC1-9CE3DE77C2A1}.Debug|Any CPU.Build.0 = Debug|Any CPU
		{1CDF2095-8C7C-1FCC-3FC1-9CE3DE77C2A1}.Release|Any CPU.ActiveCfg = Release|Any CPU
		{1CDF2095-8C7C-1FCC-3FC1-9CE3DE77C2A1}.Release|Any CPU.Build.0 = Release|Any CPU
		{2519CAFB-7C25-343F-51D6-90A8D6A93046}.Debug|Any CPU.ActiveCfg = Debug|Any CPU
		{2519CAFB-7C25-343F-51D6-90A8D6A93046}.Debug|Any CPU.Build.0 = Debug|Any CPU
		{2519CAFB-7C25-343F-51D6-90A8D6A93046}.Release|Any CPU.ActiveCfg = Release|Any CPU
		{2519CAFB-7C25-343F-51D6-90A8D6A93046}.Release|Any CPU.Build.0 = Release|Any CPU
		{D1596E5A-B6F5-298C-1909-FCDCE9AED5B1}.Debug|Any CPU.ActiveCfg = Debug|Any CPU
		{D1596E5A-B6F5-298C-1909-FCDCE9AED5B1}.Debug|Any CPU.Build.0 = Debug|Any CPU
		{D1596E5A-B6F5-298C-1909-FCDCE9AED5B1}.Release|Any CPU.ActiveCfg = Release|Any CPU
		{D1596E5A-B6F5-298C-1909-FCDCE9AED5B1}.Release|Any CPU.Build.0 = Release|Any CPU
		{A28510B3-0934-D553-DDF4-CD197F9EBE48}.Debug|Any CPU.ActiveCfg = Debug|Any CPU
		{A28510B3-0934-D553-DDF4-CD197F9EBE48}.Debug|Any CPU.Build.0 = Debug|Any CPU
		{A28510B3-0934-D553-DDF4-CD197F9EBE48}.Release|Any CPU.ActiveCfg = Release|Any CPU
		{A28510B3-0934-D553-DDF4-CD197F9EBE48}.Release|Any CPU.Build.0 = Release|Any CPU
		{4153FF2D-3BCB-07B8-FA76-68FBDDC58321}.Debug|Any CPU.ActiveCfg = Debug|Any CPU
		{4153FF2D-3BCB-07B8-FA76-68FBDDC58321}.Debug|Any CPU.Build.0 = Debug|Any CPU
		{4153FF2D-3BCB-07B8-FA76-68FBDDC58321}.Release|Any CPU.ActiveCfg = Release|Any CPU
		{4153FF2D-3BCB-07B8-FA76-68FBDDC58321}.Release|Any CPU.Build.0 = Release|Any CPU
		{45898D89-5486-8C35-6073-D7AD20E88B5A}.Debug|Any CPU.ActiveCfg = Debug|Any CPU
		{45898D89-5486-8C35-6073-D7AD20E88B5A}.Debug|Any CPU.Build.0 = Debug|Any CPU
		{45898D89-5486-8C35-6073-D7AD20E88B5A}.Release|Any CPU.ActiveCfg = Release|Any CPU
		{45898D89-5486-8C35-6073-D7AD20E88B5A}.Release|Any CPU.Build.0 = Release|Any CPU
		{AC3EEDB7-6BEE-D625-323E-D721FAE52CA4}.Debug|Any CPU.ActiveCfg = Debug|Any CPU
		{AC3EEDB7-6BEE-D625-323E-D721FAE52CA4}.Debug|Any CPU.Build.0 = Debug|Any CPU
		{AC3EEDB7-6BEE-D625-323E-D721FAE52CA4}.Release|Any CPU.ActiveCfg = Release|Any CPU
		{AC3EEDB7-6BEE-D625-323E-D721FAE52CA4}.Release|Any CPU.Build.0 = Release|Any CPU
		{E29BDA0C-B6AC-8297-611F-4B864B2C7667}.Debug|Any CPU.ActiveCfg = Debug|Any CPU
		{E29BDA0C-B6AC-8297-611F-4B864B2C7667}.Debug|Any CPU.Build.0 = Debug|Any CPU
		{E29BDA0C-B6AC-8297-611F-4B864B2C7667}.Release|Any CPU.ActiveCfg = Release|Any CPU
		{E29BDA0C-B6AC-8297-611F-4B864B2C7667}.Release|Any CPU.Build.0 = Release|Any CPU
		{9CBD42E5-8CB2-3EAB-0F73-57A0A3AD675B}.Debug|Any CPU.ActiveCfg = Debug|Any CPU
		{9CBD42E5-8CB2-3EAB-0F73-57A0A3AD675B}.Debug|Any CPU.Build.0 = Debug|Any CPU
		{9CBD42E5-8CB2-3EAB-0F73-57A0A3AD675B}.Release|Any CPU.ActiveCfg = Release|Any CPU
		{9CBD42E5-8CB2-3EAB-0F73-57A0A3AD675B}.Release|Any CPU.Build.0 = Release|Any CPU
		{648EBC15-D7E4-83FE-87D4-5EF5D4964033}.Debug|Any CPU.ActiveCfg = Debug|Any CPU
		{648EBC15-D7E4-83FE-87D4-5EF5D4964033}.Debug|Any CPU.Build.0 = Debug|Any CPU
		{648EBC15-D7E4-83FE-87D4-5EF5D4964033}.Release|Any CPU.ActiveCfg = Release|Any CPU
		{648EBC15-D7E4-83FE-87D4-5EF5D4964033}.Release|Any CPU.Build.0 = Release|Any CPU
		{239B4E9B-0DFF-0C65-BE47-9EB755C47C8D}.Debug|Any CPU.ActiveCfg = Debug|Any CPU
		{239B4E9B-0DFF-0C65-BE47-9EB755C47C8D}.Debug|Any CPU.Build.0 = Debug|Any CPU
		{239B4E9B-0DFF-0C65-BE47-9EB755C47C8D}.Release|Any CPU.ActiveCfg = Release|Any CPU
		{239B4E9B-0DFF-0C65-BE47-9EB755C47C8D}.Release|Any CPU.Build.0 = Release|Any CPU
		{874189BB-6285-4006-8D57-A0898E686DE5}.Debug|Any CPU.ActiveCfg = Debug|Any CPU
		{874189BB-6285-4006-8D57-A0898E686DE5}.Debug|Any CPU.Build.0 = Debug|Any CPU
		{874189BB-6285-4006-8D57-A0898E686DE5}.Release|Any CPU.ActiveCfg = Release|Any CPU
		{874189BB-6285-4006-8D57-A0898E686DE5}.Release|Any CPU.Build.0 = Release|Any CPU
		{FD0B7EB1-9574-0F64-4709-C4BBC4828E4C}.Debug|Any CPU.ActiveCfg = Debug|Any CPU
		{FD0B7EB1-9574-0F64-4709-C4BBC4828E4C}.Debug|Any CPU.Build.0 = Debug|Any CPU
		{FD0B7EB1-9574-0F64-4709-C4BBC4828E4C}.Release|Any CPU.ActiveCfg = Release|Any CPU
		{FD0B7EB1-9574-0F64-4709-C4BBC4828E4C}.Release|Any CPU.Build.0 = Release|Any CPU
		{2BDF1D77-7197-D955-760E-E989FAA5DE41}.Debug|Any CPU.ActiveCfg = Debug|Any CPU
		{2BDF1D77-7197-D955-760E-E989FAA5DE41}.Debug|Any CPU.Build.0 = Debug|Any CPU
		{2BDF1D77-7197-D955-760E-E989FAA5DE41}.Release|Any CPU.ActiveCfg = Release|Any CPU
		{2BDF1D77-7197-D955-760E-E989FAA5DE41}.Release|Any CPU.Build.0 = Release|Any CPU
		{14D56D8F-BC25-8CCA-8E7A-00DF18837187}.Debug|Any CPU.ActiveCfg = Debug|Any CPU
		{14D56D8F-BC25-8CCA-8E7A-00DF18837187}.Debug|Any CPU.Build.0 = Debug|Any CPU
		{14D56D8F-BC25-8CCA-8E7A-00DF18837187}.Release|Any CPU.ActiveCfg = Release|Any CPU
		{14D56D8F-BC25-8CCA-8E7A-00DF18837187}.Release|Any CPU.Build.0 = Release|Any CPU
		{F1ABB05B-1DEF-5D7F-F91A-62C3932359FE}.Debug|Any CPU.ActiveCfg = Debug|Any CPU
		{F1ABB05B-1DEF-5D7F-F91A-62C3932359FE}.Debug|Any CPU.Build.0 = Debug|Any CPU
		{F1ABB05B-1DEF-5D7F-F91A-62C3932359FE}.Release|Any CPU.ActiveCfg = Release|Any CPU
		{F1ABB05B-1DEF-5D7F-F91A-62C3932359FE}.Release|Any CPU.Build.0 = Release|Any CPU
		{080533ED-4909-50D8-520B-604106BF04D4}.Debug|Any CPU.ActiveCfg = Debug|Any CPU
		{080533ED-4909-50D8-520B-604106BF04D4}.Debug|Any CPU.Build.0 = Debug|Any CPU
		{080533ED-4909-50D8-520B-604106BF04D4}.Release|Any CPU.ActiveCfg = Release|Any CPU
		{080533ED-4909-50D8-520B-604106BF04D4}.Release|Any CPU.Build.0 = Release|Any CPU
		{1F362C38-805E-9269-B434-0CC494F542FE}.Debug|Any CPU.ActiveCfg = Debug|Any CPU
		{1F362C38-805E-9269-B434-0CC494F542FE}.Debug|Any CPU.Build.0 = Debug|Any CPU
		{1F362C38-805E-9269-B434-0CC494F542FE}.Release|Any CPU.ActiveCfg = Release|Any CPU
		{1F362C38-805E-9269-B434-0CC494F542FE}.Release|Any CPU.Build.0 = Release|Any CPU
		{D067B21C-C5F4-0A14-970A-07B8DC609257}.Debug|Any CPU.ActiveCfg = Debug|Any CPU
		{D067B21C-C5F4-0A14-970A-07B8DC609257}.Debug|Any CPU.Build.0 = Debug|Any CPU
		{D067B21C-C5F4-0A14-970A-07B8DC609257}.Release|Any CPU.ActiveCfg = Release|Any CPU
		{D067B21C-C5F4-0A14-970A-07B8DC609257}.Release|Any CPU.Build.0 = Release|Any CPU
	EndGlobalSection
	GlobalSection(SolutionProperties) = preSolution
		HideSolutionNode = FALSE
	EndGlobalSection
EndGlobal
